
Microsoft Visual Studio Solution File, Format Version 12.00
# Visual Studio Version 17
VisualStudioVersion = 17.10.35004.147
MinimumVisualStudioVersion = 10.0.40219.1
Project("{FAE04EC0-301F-11D3-BF4B-00C04F79EFBC}") = "DemoMVC", "DemoMVC.csproj", "{2D6C74E7-4964-4CF5-AF71-98FE9008C9BF}"
EndProject
Global
	GlobalSection(SolutionConfigurationPlatforms) = preSolution
		Debug|Any CPU = Debug|Any CPU
		Release|Any CPU = Release|Any CPU
	EndGlobalSection
	GlobalSection(ProjectConfigurationPlatforms) = postSolution
		{2D6C74E7-4964-4CF5-AF71-98FE9008C9BF}.Debug|Any CPU.ActiveCfg = Debug|Any CPU
		{2D6C74E7-4964-4CF5-AF71-98FE9008C9BF}.Debug|Any CPU.Build.0 = Debug|Any CPU
		{2D6C74E7-4964-4CF5-AF71-98FE9008C9BF}.Release|Any CPU.ActiveCfg = Release|Any CPU
		{2D6C74E7-4964-4CF5-AF71-98FE9008C9BF}.Release|Any CPU.Build.0 = Release|Any CPU
	EndGlobalSection
	GlobalSection(SolutionProperties) = preSolution
		HideSolutionNode = FALSE
	EndGlobalSection
	GlobalSection(ExtensibilityGlobals) = postSolution
		SolutionGuid = {7EC6F910-384F-44F9-9070-BF1A25BE70BB}
	EndGlobalSection
EndGlobal
